// !$*UTF8*$!
{
	archiveVersion = 1;
	classes = {
	};
	objectVersion = 46;
	objects = {

/* Begin PBXBuildFile section */
		5A26660D1EBA045B0045790E /* main.m in Sources */ = {isa = PBXBuildFile; fileRef = 5A26660C1EBA045B0045790E /* main.m */; };
		5A2666101EBA045B0045790E /* AppDelegate.m in Sources */ = {isa = PBXBuildFile; fileRef = 5A26660F1EBA045B0045790E /* AppDelegate.m */; };
		5A2666131EBA045B0045790E /* ViewController.m in Sources */ = {isa = PBXBuildFile; fileRef = 5A2666121EBA045B0045790E /* ViewController.m */; };
		5A2666161EBA045B0045790E /* Main.storyboard in Resources */ = {isa = PBXBuildFile; fileRef = 5A2666141EBA045B0045790E /* Main.storyboard */; };
		5A2666191EBA045B0045790E /* LSSlidePageScrollViewDemo.xcdatamodeld in Sources */ = {isa = PBXBuildFile; fileRef = 5A2666171EBA045B0045790E /* LSSlidePageScrollViewDemo.xcdatamodeld */; };
		5A26661B1EBA045B0045790E /* Assets.xcassets in Resources */ = {isa = PBXBuildFile; fileRef = 5A26661A1EBA045B0045790E /* Assets.xcassets */; };
		5A26661E1EBA045B0045790E /* LaunchScreen.storyboard in Resources */ = {isa = PBXBuildFile; fileRef = 5A26661C1EBA045B0045790E /* LaunchScreen.storyboard */; };
		5A2666291EBA045B0045790E /* LSSlidePageScrollViewDemoTests.m in Sources */ = {isa = PBXBuildFile; fileRef = 5A2666281EBA045B0045790E /* LSSlidePageScrollViewDemoTests.m */; };
		5A2666341EBA045B0045790E /* LSSlidePageScrollViewDemoUITests.m in Sources */ = {isa = PBXBuildFile; fileRef = 5A2666331EBA045B0045790E /* LSSlidePageScrollViewDemoUITests.m */; };
		5A26664A1EBA048A0045790E /* LSBasePageTabbar.m in Sources */ = {isa = PBXBuildFile; fileRef = 5A2666431EBA048A0045790E /* LSBasePageTabbar.m */; };
		5A26664B1EBA048A0045790E /* LSSlidePageScrollView.m in Sources */ = {isa = PBXBuildFile; fileRef = 5A2666451EBA048A0045790E /* LSSlidePageScrollView.m */; };
		5A26664C1EBA048A0045790E /* LSSlidePageScrollViewController.m in Sources */ = {isa = PBXBuildFile; fileRef = 5A2666471EBA048A0045790E /* LSSlidePageScrollViewController.m */; };
		5A26664D1EBA048A0045790E /* UIScrollView+LSSlidePageScrollView.m in Sources */ = {isa = PBXBuildFile; fileRef = 5A2666491EBA048A0045790E /* UIScrollView+LSSlidePageScrollView.m */; };
		5A2666521EBA04A70045790E /* CustomView3Controller.m in Sources */ = {isa = PBXBuildFile; fileRef = 5A26664F1EBA04A70045790E /* CustomView3Controller.m */; };
		5A2666531EBA04A70045790E /* TableViewController.m in Sources */ = {isa = PBXBuildFile; fileRef = 5A2666511EBA04A70045790E /* TableViewController.m */; };
		5A2666561EBACDFB0045790E /* LSBaseNavItem.m in Sources */ = {isa = PBXBuildFile; fileRef = 5A2666551EBACDFB0045790E /* LSBaseNavItem.m */; };
		5A26665E1EBAF9510045790E /* UINavigationController+FDFullscreenPopGesture.m in Sources */ = {isa = PBXBuildFile; fileRef = 5A26665D1EBAF9510045790E /* UINavigationController+FDFullscreenPopGesture.m */; };
/* End PBXBuildFile section */

/* Begin PBXContainerItemProxy section */
		5A2666251EBA045B0045790E /* PBXContainerItemProxy */ = {
			isa = PBXContainerItemProxy;
			containerPortal = 5A2666001EBA045B0045790E /* Project object */;
			proxyType = 1;
			remoteGlobalIDString = 5A2666071EBA045B0045790E;
			remoteInfo = LSSlidePageScrollViewDemo;
		};
		5A2666301EBA045B0045790E /* PBXContainerItemProxy */ = {
			isa = PBXContainerItemProxy;
			containerPortal = 5A2666001EBA045B0045790E /* Project object */;
			proxyType = 1;
			remoteGlobalIDString = 5A2666071EBA045B0045790E;
			remoteInfo = LSSlidePageScrollViewDemo;
		};
/* End PBXContainerItemProxy section */

/* Begin PBXFileReference section */
		5A2666081EBA045B0045790E /* LSSlidePageScrollViewDemo.app */ = {isa = PBXFileReference; explicitFileType = wrapper.application; includeInIndex = 0; path = LSSlidePageScrollViewDemo.app; sourceTree = BUILT_PRODUCTS_DIR; };
		5A26660C1EBA045B0045790E /* main.m */ = {isa = PBXFileReference; lastKnownFileType = sourcecode.c.objc; path = main.m; sourceTree = "<group>"; };
		5A26660E1EBA045B0045790E /* AppDelegate.h */ = {isa = PBXFileReference; lastKnownFileType = sourcecode.c.h; path = AppDelegate.h; sourceTree = "<group>"; };
		5A26660F1EBA045B0045790E /* AppDelegate.m */ = {isa = PBXFileReference; lastKnownFileType = sourcecode.c.objc; path = AppDelegate.m; sourceTree = "<group>"; };
		5A2666111EBA045B0045790E /* ViewController.h */ = {isa = PBXFileReference; lastKnownFileType = sourcecode.c.h; path = ViewController.h; sourceTree = "<group>"; };
		5A2666121EBA045B0045790E /* ViewController.m */ = {isa = PBXFileReference; lastKnownFileType = sourcecode.c.objc; path = ViewController.m; sourceTree = "<group>"; };
		5A2666151EBA045B0045790E /* Base */ = {isa = PBXFileReference; lastKnownFileType = file.storyboard; name = Base; path = Base.lproj/Main.storyboard; sourceTree = "<group>"; };
		5A2666181EBA045B0045790E /* LSSlidePageScrollViewDemo.xcdatamodel */ = {isa = PBXFileReference; lastKnownFileType = wrapper.xcdatamodel; path = LSSlidePageScrollViewDemo.xcdatamodel; sourceTree = "<group>"; };
		5A26661A1EBA045B0045790E /* Assets.xcassets */ = {isa = PBXFileReference; lastKnownFileType = folder.assetcatalog; path = Assets.xcassets; sourceTree = "<group>"; };
		5A26661D1EBA045B0045790E /* Base */ = {isa = PBXFileReference; lastKnownFileType = file.storyboard; name = Base; path = Base.lproj/LaunchScreen.storyboard; sourceTree = "<group>"; };
		5A26661F1EBA045B0045790E /* Info.plist */ = {isa = PBXFileReference; lastKnownFileType = text.plist.xml; path = Info.plist; sourceTree = "<group>"; };
		5A2666241EBA045B0045790E /* LSSlidePageScrollViewDemoTests.xctest */ = {isa = PBXFileReference; explicitFileType = wrapper.cfbundle; includeInIndex = 0; path = LSSlidePageScrollViewDemoTests.xctest; sourceTree = BUILT_PRODUCTS_DIR; };
		5A2666281EBA045B0045790E /* LSSlidePageScrollViewDemoTests.m */ = {isa = PBXFileReference; lastKnownFileType = sourcecode.c.objc; path = LSSlidePageScrollViewDemoTests.m; sourceTree = "<group>"; };
		5A26662A1EBA045B0045790E /* Info.plist */ = {isa = PBXFileReference; lastKnownFileType = text.plist.xml; path = Info.plist; sourceTree = "<group>"; };
		5A26662F1EBA045B0045790E /* LSSlidePageScrollViewDemoUITests.xctest */ = {isa = PBXFileReference; explicitFileType = wrapper.cfbundle; includeInIndex = 0; path = LSSlidePageScrollViewDemoUITests.xctest; sourceTree = BUILT_PRODUCTS_DIR; };
		5A2666331EBA045B0045790E /* LSSlidePageScrollViewDemoUITests.m */ = {isa = PBXFileReference; lastKnownFileType = sourcecode.c.objc; path = LSSlidePageScrollViewDemoUITests.m; sourceTree = "<group>"; };
		5A2666351EBA045B0045790E /* Info.plist */ = {isa = PBXFileReference; lastKnownFileType = text.plist.xml; path = Info.plist; sourceTree = "<group>"; };
		5A2666421EBA048A0045790E /* LSBasePageTabbar.h */ = {isa = PBXFileReference; fileEncoding = 4; lastKnownFileType = sourcecode.c.h; path = LSBasePageTabbar.h; sourceTree = "<group>"; };
		5A2666431EBA048A0045790E /* LSBasePageTabbar.m */ = {isa = PBXFileReference; fileEncoding = 4; lastKnownFileType = sourcecode.c.objc; path = LSBasePageTabbar.m; sourceTree = "<group>"; };
		5A2666441EBA048A0045790E /* LSSlidePageScrollView.h */ = {isa = PBXFileReference; fileEncoding = 4; lastKnownFileType = sourcecode.c.h; path = LSSlidePageScrollView.h; sourceTree = "<group>"; };
		5A2666451EBA048A0045790E /* LSSlidePageScrollView.m */ = {isa = PBXFileReference; fileEncoding = 4; lastKnownFileType = sourcecode.c.objc; path = LSSlidePageScrollView.m; sourceTree = "<group>"; };
		5A2666461EBA048A0045790E /* LSSlidePageScrollViewController.h */ = {isa = PBXFileReference; fileEncoding = 4; lastKnownFileType = sourcecode.c.h; path = LSSlidePageScrollViewController.h; sourceTree = "<group>"; };
		5A2666471EBA048A0045790E /* LSSlidePageScrollViewController.m */ = {isa = PBXFileReference; fileEncoding = 4; lastKnownFileType = sourcecode.c.objc; path = LSSlidePageScrollViewController.m; sourceTree = "<group>"; };
		5A2666481EBA048A0045790E /* UIScrollView+LSSlidePageScrollView.h */ = {isa = PBXFileReference; fileEncoding = 4; lastKnownFileType = sourcecode.c.h; path = "UIScrollView+LSSlidePageScrollView.h"; sourceTree = "<group>"; };
		5A2666491EBA048A0045790E /* UIScrollView+LSSlidePageScrollView.m */ = {isa = PBXFileReference; fileEncoding = 4; lastKnownFileType = sourcecode.c.objc; path = "UIScrollView+LSSlidePageScrollView.m"; sourceTree = "<group>"; };
		5A26664E1EBA04A70045790E /* CustomView3Controller.h */ = {isa = PBXFileReference; fileEncoding = 4; lastKnownFileType = sourcecode.c.h; path = CustomView3Controller.h; sourceTree = "<group>"; };
		5A26664F1EBA04A70045790E /* CustomView3Controller.m */ = {isa = PBXFileReference; fileEncoding = 4; lastKnownFileType = sourcecode.c.objc; path = CustomView3Controller.m; sourceTree = "<group>"; };
		5A2666501EBA04A70045790E /* TableViewController.h */ = {isa = PBXFileReference; fileEncoding = 4; lastKnownFileType = sourcecode.c.h; path = TableViewController.h; sourceTree = "<group>"; };
		5A2666511EBA04A70045790E /* TableViewController.m */ = {isa = PBXFileReference; fileEncoding = 4; lastKnownFileType = sourcecode.c.objc; path = TableViewController.m; sourceTree = "<group>"; };
		5A2666541EBACDFB0045790E /* LSBaseNavItem.h */ = {isa = PBXFileReference; fileEncoding = 4; lastKnownFileType = sourcecode.c.h; path = LSBaseNavItem.h; sourceTree = "<group>"; };
		5A2666551EBACDFB0045790E /* LSBaseNavItem.m */ = {isa = PBXFileReference; fileEncoding = 4; lastKnownFileType = sourcecode.c.objc; path = LSBaseNavItem.m; sourceTree = "<group>"; };
		5A26665C1EBAF9510045790E /* UINavigationController+FDFullscreenPopGesture.h */ = {isa = PBXFileReference; fileEncoding = 4; lastKnownFileType = sourcecode.c.h; path = "UINavigationController+FDFullscreenPopGesture.h"; sourceTree = "<group>"; };
		5A26665D1EBAF9510045790E /* UINavigationController+FDFullscreenPopGesture.m */ = {isa = PBXFileReference; fileEncoding = 4; lastKnownFileType = sourcecode.c.objc; path = "UINavigationController+FDFullscreenPopGesture.m"; sourceTree = "<group>"; };
/* End PBXFileReference section */

/* Begin PBXFrameworksBuildPhase section */
		5A2666051EBA045B0045790E /* Frameworks */ = {
			isa = PBXFrameworksBuildPhase;
			buildActionMask = 2147483647;
			files = (
			);
			runOnlyForDeploymentPostprocessing = 0;
		};
		5A2666211EBA045B0045790E /* Frameworks */ = {
			isa = PBXFrameworksBuildPhase;
			buildActionMask = 2147483647;
			files = (
			);
			runOnlyForDeploymentPostprocessing = 0;
		};
		5A26662C1EBA045B0045790E /* Frameworks */ = {
			isa = PBXFrameworksBuildPhase;
			buildActionMask = 2147483647;
			files = (
			);
			runOnlyForDeploymentPostprocessing = 0;
		};
/* End PBXFrameworksBuildPhase section */

/* Begin PBXGroup section */
		5A2665FF1EBA045B0045790E = {
			isa = PBXGroup;
			children = (
				5A26660A1EBA045B0045790E /* LSSlidePageScrollViewDemo */,
				5A2666271EBA045B0045790E /* LSSlidePageScrollViewDemoTests */,
				5A2666321EBA045B0045790E /* LSSlidePageScrollViewDemoUITests */,
				5A2666091EBA045B0045790E /* Products */,
			);
			sourceTree = "<group>";
		};
		5A2666091EBA045B0045790E /* Products */ = {
			isa = PBXGroup;
			children = (
				5A2666081EBA045B0045790E /* LSSlidePageScrollViewDemo.app */,
				5A2666241EBA045B0045790E /* LSSlidePageScrollViewDemoTests.xctest */,
				5A26662F1EBA045B0045790E /* LSSlidePageScrollViewDemoUITests.xctest */,
			);
			name = Products;
			sourceTree = "<group>";
		};
		5A26660A1EBA045B0045790E /* LSSlidePageScrollViewDemo */ = {
			isa = PBXGroup;
			children = (
				5A26665B1EBAF9510045790E /* FDFullscreenPopGesture */,
				5A2666411EBA048A0045790E /* LSSlidePageScrollView */,
				5A26664E1EBA04A70045790E /* CustomView3Controller.h */,
				5A26664F1EBA04A70045790E /* CustomView3Controller.m */,
				5A2666501EBA04A70045790E /* TableViewController.h */,
				5A2666511EBA04A70045790E /* TableViewController.m */,
				5A26660E1EBA045B0045790E /* AppDelegate.h */,
				5A26660F1EBA045B0045790E /* AppDelegate.m */,
				5A2666111EBA045B0045790E /* ViewController.h */,
				5A2666121EBA045B0045790E /* ViewController.m */,
				5A2666141EBA045B0045790E /* Main.storyboard */,
				5A26661A1EBA045B0045790E /* Assets.xcassets */,
				5A26661C1EBA045B0045790E /* LaunchScreen.storyboard */,
				5A26661F1EBA045B0045790E /* Info.plist */,
				5A2666171EBA045B0045790E /* LSSlidePageScrollViewDemo.xcdatamodeld */,
				5A26660B1EBA045B0045790E /* Supporting Files */,
			);
			path = LSSlidePageScrollViewDemo;
			sourceTree = "<group>";
		};
		5A26660B1EBA045B0045790E /* Supporting Files */ = {
			isa = PBXGroup;
			children = (
				5A26660C1EBA045B0045790E /* main.m */,
			);
			name = "Supporting Files";
			sourceTree = "<group>";
		};
		5A2666271EBA045B0045790E /* LSSlidePageScrollViewDemoTests */ = {
			isa = PBXGroup;
			children = (
				5A2666281EBA045B0045790E /* LSSlidePageScrollViewDemoTests.m */,
				5A26662A1EBA045B0045790E /* Info.plist */,
			);
			path = LSSlidePageScrollViewDemoTests;
			sourceTree = "<group>";
		};
		5A2666321EBA045B0045790E /* LSSlidePageScrollViewDemoUITests */ = {
			isa = PBXGroup;
			children = (
				5A2666331EBA045B0045790E /* LSSlidePageScrollViewDemoUITests.m */,
				5A2666351EBA045B0045790E /* Info.plist */,
			);
			path = LSSlidePageScrollViewDemoUITests;
			sourceTree = "<group>";
		};
		5A2666411EBA048A0045790E /* LSSlidePageScrollView */ = {
			isa = PBXGroup;
			children = (
				5A2666421EBA048A0045790E /* LSBasePageTabbar.h */,
				5A2666431EBA048A0045790E /* LSBasePageTabbar.m */,
				5A2666541EBACDFB0045790E /* LSBaseNavItem.h */,
				5A2666551EBACDFB0045790E /* LSBaseNavItem.m */,
				5A2666441EBA048A0045790E /* LSSlidePageScrollView.h */,
				5A2666451EBA048A0045790E /* LSSlidePageScrollView.m */,
				5A2666461EBA048A0045790E /* LSSlidePageScrollViewController.h */,
				5A2666471EBA048A0045790E /* LSSlidePageScrollViewController.m */,
				5A2666481EBA048A0045790E /* UIScrollView+LSSlidePageScrollView.h */,
				5A2666491EBA048A0045790E /* UIScrollView+LSSlidePageScrollView.m */,
			);
			path = LSSlidePageScrollView;
			sourceTree = "<group>";
		};
		5A26665B1EBAF9510045790E /* FDFullscreenPopGesture */ = {
			isa = PBXGroup;
			children = (
				5A26665C1EBAF9510045790E /* UINavigationController+FDFullscreenPopGesture.h */,
				5A26665D1EBAF9510045790E /* UINavigationController+FDFullscreenPopGesture.m */,
			);
			path = FDFullscreenPopGesture;
			sourceTree = "<group>";
		};
/* End PBXGroup section */

/* Begin PBXNativeTarget section */
		5A2666071EBA045B0045790E /* LSSlidePageScrollViewDemo */ = {
			isa = PBXNativeTarget;
			buildConfigurationList = 5A2666381EBA045B0045790E /* Build configuration list for PBXNativeTarget "LSSlidePageScrollViewDemo" */;
			buildPhases = (
				5A2666041EBA045B0045790E /* Sources */,
				5A2666051EBA045B0045790E /* Frameworks */,
				5A2666061EBA045B0045790E /* Resources */,
			);
			buildRules = (
			);
			dependencies = (
			);
			name = LSSlidePageScrollViewDemo;
			productName = LSSlidePageScrollViewDemo;
			productReference = 5A2666081EBA045B0045790E /* LSSlidePageScrollViewDemo.app */;
			productType = "com.apple.product-type.application";
		};
		5A2666231EBA045B0045790E /* LSSlidePageScrollViewDemoTests */ = {
			isa = PBXNativeTarget;
			buildConfigurationList = 5A26663B1EBA045B0045790E /* Build configuration list for PBXNativeTarget "LSSlidePageScrollViewDemoTests" */;
			buildPhases = (
				5A2666201EBA045B0045790E /* Sources */,
				5A2666211EBA045B0045790E /* Frameworks */,
				5A2666221EBA045B0045790E /* Resources */,
			);
			buildRules = (
			);
			dependencies = (
				5A2666261EBA045B0045790E /* PBXTargetDependency */,
			);
			name = LSSlidePageScrollViewDemoTests;
			productName = LSSlidePageScrollViewDemoTests;
			productReference = 5A2666241EBA045B0045790E /* LSSlidePageScrollViewDemoTests.xctest */;
			productType = "com.apple.product-type.bundle.unit-test";
		};
		5A26662E1EBA045B0045790E /* LSSlidePageScrollViewDemoUITests */ = {
			isa = PBXNativeTarget;
			buildConfigurationList = 5A26663E1EBA045B0045790E /* Build configuration list for PBXNativeTarget "LSSlidePageScrollViewDemoUITests" */;
			buildPhases = (
				5A26662B1EBA045B0045790E /* Sources */,
				5A26662C1EBA045B0045790E /* Frameworks */,
				5A26662D1EBA045B0045790E /* Resources */,
			);
			buildRules = (
			);
			dependencies = (
				5A2666311EBA045B0045790E /* PBXTargetDependency */,
			);
			name = LSSlidePageScrollViewDemoUITests;
			productName = LSSlidePageScrollViewDemoUITests;
			productReference = 5A26662F1EBA045B0045790E /* LSSlidePageScrollViewDemoUITests.xctest */;
			productType = "com.apple.product-type.bundle.ui-testing";
		};
/* End PBXNativeTarget section */

/* Begin PBXProject section */
		5A2666001EBA045B0045790E /* Project object */ = {
			isa = PBXProject;
			attributes = {
				LastUpgradeCheck = 0830;
				ORGANIZATIONNAME = liu;
				TargetAttributes = {
					5A2666071EBA045B0045790E = {
						CreatedOnToolsVersion = 8.3;
						DevelopmentTeam = 89GGHNDH6Y;
						ProvisioningStyle = Automatic;
					};
					5A2666231EBA045B0045790E = {
						CreatedOnToolsVersion = 8.3;
						DevelopmentTeam = 8G7P69VBHN;
						ProvisioningStyle = Automatic;
						TestTargetID = 5A2666071EBA045B0045790E;
					};
					5A26662E1EBA045B0045790E = {
						CreatedOnToolsVersion = 8.3;
						DevelopmentTeam = 8G7P69VBHN;
						ProvisioningStyle = Automatic;
						TestTargetID = 5A2666071EBA045B0045790E;
					};
				};
			};
			buildConfigurationList = 5A2666031EBA045B0045790E /* Build configuration list for PBXProject "LSSlidePageScrollViewDemo" */;
			compatibilityVersion = "Xcode 3.2";
			developmentRegion = English;
			hasScannedForEncodings = 0;
			knownRegions = (
				en,
				Base,
			);
			mainGroup = 5A2665FF1EBA045B0045790E;
			productRefGroup = 5A2666091EBA045B0045790E /* Products */;
			projectDirPath = "";
			projectRoot = "";
			targets = (
				5A2666071EBA045B0045790E /* LSSlidePageScrollViewDemo */,
				5A2666231EBA045B0045790E /* LSSlidePageScrollViewDemoTests */,
				5A26662E1EBA045B0045790E /* LSSlidePageScrollViewDemoUITests */,
			);
		};
/* End PBXProject section */

/* Begin PBXResourcesBuildPhase section */
		5A2666061EBA045B0045790E /* Resources */ = {
			isa = PBXResourcesBuildPhase;
			buildActionMask = 2147483647;
			files = (
				5A26661E1EBA045B0045790E /* LaunchScreen.storyboard in Resources */,
				5A26661B1EBA045B0045790E /* Assets.xcassets in Resources */,
				5A2666161EBA045B0045790E /* Main.storyboard in Resources */,
			);
			runOnlyForDeploymentPostprocessing = 0;
		};
		5A2666221EBA045B0045790E /* Resources */ = {
			isa = PBXResourcesBuildPhase;
			buildActionMask = 2147483647;
			files = (
			);
			runOnlyForDeploymentPostprocessing = 0;
		};
		5A26662D1EBA045B0045790E /* Resources */ = {
			isa = PBXResourcesBuildPhase;
			buildActionMask = 2147483647;
			files = (
			);
			runOnlyForDeploymentPostprocessing = 0;
		};
/* End PBXResourcesBuildPhase section */

/* Begin PBXSourcesBuildPhase section */
		5A2666041EBA045B0045790E /* Sources */ = {
			isa = PBXSourcesBuildPhase;
			buildActionMask = 2147483647;
			files = (
				5A2666131EBA045B0045790E /* ViewController.m in Sources */,
				5A26664D1EBA048A0045790E /* UIScrollView+LSSlidePageScrollView.m in Sources */,
				5A2666101EBA045B0045790E /* AppDelegate.m in Sources */,
				5A2666561EBACDFB0045790E /* LSBaseNavItem.m in Sources */,
				5A2666531EBA04A70045790E /* TableViewController.m in Sources */,
				5A2666521EBA04A70045790E /* CustomView3Controller.m in Sources */,
				5A26665E1EBAF9510045790E /* UINavigationController+FDFullscreenPopGesture.m in Sources */,
				5A26664A1EBA048A0045790E /* LSBasePageTabbar.m in Sources */,
				5A26664B1EBA048A0045790E /* LSSlidePageScrollView.m in Sources */,
				5A2666191EBA045B0045790E /* LSSlidePageScrollViewDemo.xcdatamodeld in Sources */,
				5A26664C1EBA048A0045790E /* LSSlidePageScrollViewController.m in Sources */,
				5A26660D1EBA045B0045790E /* main.m in Sources */,
			);
			runOnlyForDeploymentPostprocessing = 0;
		};
		5A2666201EBA045B0045790E /* Sources */ = {
			isa = PBXSourcesBuildPhase;
			buildActionMask = 2147483647;
			files = (
				5A2666291EBA045B0045790E /* LSSlidePageScrollViewDemoTests.m in Sources */,
			);
			runOnlyForDeploymentPostprocessing = 0;
		};
		5A26662B1EBA045B0045790E /* Sources */ = {
			isa = PBXSourcesBuildPhase;
			buildActionMask = 2147483647;
			files = (
				5A2666341EBA045B0045790E /* LSSlidePageScrollViewDemoUITests.m in Sources */,
			);
			runOnlyForDeploymentPostprocessing = 0;
		};
/* End PBXSourcesBuildPhase section */

/* Begin PBXTargetDependency section */
		5A2666261EBA045B0045790E /* PBXTargetDependency */ = {
			isa = PBXTargetDependency;
			target = 5A2666071EBA045B0045790E /* LSSlidePageScrollViewDemo */;
			targetProxy = 5A2666251EBA045B0045790E /* PBXContainerItemProxy */;
		};
		5A2666311EBA045B0045790E /* PBXTargetDependency */ = {
			isa = PBXTargetDependency;
			target = 5A2666071EBA045B0045790E /* LSSlidePageScrollViewDemo */;
			targetProxy = 5A2666301EBA045B0045790E /* PBXContainerItemProxy */;
		};
/* End PBXTargetDependency section */

/* Begin PBXVariantGroup section */
		5A2666141EBA045B0045790E /* Main.storyboard */ = {
			isa = PBXVariantGroup;
			children = (
				5A2666151EBA045B0045790E /* Base */,
			);
			name = Main.storyboard;
			sourceTree = "<group>";
		};
		5A26661C1EBA045B0045790E /* LaunchScreen.storyboard */ = {
			isa = PBXVariantGroup;
			children = (
				5A26661D1EBA045B0045790E /* Base */,
			);
			name = LaunchScreen.storyboard;
			sourceTree = "<group>";
		};
/* End PBXVariantGroup section */

/* Begin XCBuildConfiguration section */
		5A2666361EBA045B0045790E /* Debug */ = {
			isa = XCBuildConfiguration;
			buildSettings = {
				ALWAYS_SEARCH_USER_PATHS = NO;
				CLANG_ANALYZER_NONNULL = YES;
				CLANG_ANALYZER_NUMBER_OBJECT_CONVERSION = YES_AGGRESSIVE;
				CLANG_CXX_LANGUAGE_STANDARD = "gnu++0x";
				CLANG_CXX_LIBRARY = "libc++";
				CLANG_ENABLE_MODULES = YES;
				CLANG_ENABLE_OBJC_ARC = YES;
				CLANG_WARN_BOOL_CONVERSION = YES;
				CLANG_WARN_CONSTANT_CONVERSION = YES;
				CLANG_WARN_DIRECT_OBJC_ISA_USAGE = YES_ERROR;
				CLANG_WARN_DOCUMENTATION_COMMENTS = YES;
				CLANG_WARN_EMPTY_BODY = YES;
				CLANG_WARN_ENUM_CONVERSION = YES;
				CLANG_WARN_INFINITE_RECURSION = YES;
				CLANG_WARN_INT_CONVERSION = YES;
				CLANG_WARN_OBJC_ROOT_CLASS = YES_ERROR;
				CLANG_WARN_SUSPICIOUS_MOVE = YES;
				CLANG_WARN_UNREACHABLE_CODE = YES;
				CLANG_WARN__DUPLICATE_METHOD_MATCH = YES;
				"CODE_SIGN_IDENTITY[sdk=iphoneos*]" = "iPhone Developer";
				COPY_PHASE_STRIP = NO;
				DEBUG_INFORMATION_FORMAT = dwarf;
				ENABLE_STRICT_OBJC_MSGSEND = YES;
				ENABLE_TESTABILITY = YES;
				GCC_C_LANGUAGE_STANDARD = gnu99;
				GCC_DYNAMIC_NO_PIC = NO;
				GCC_NO_COMMON_BLOCKS = YES;
				GCC_OPTIMIZATION_LEVEL = 0;
				GCC_PREPROCESSOR_DEFINITIONS = (
					"DEBUG=1",
					"$(inherited)",
				);
				GCC_WARN_64_TO_32_BIT_CONVERSION = YES;
				GCC_WARN_ABOUT_RETURN_TYPE = YES_ERROR;
				GCC_WARN_UNDECLARED_SELECTOR = YES;
				GCC_WARN_UNINITIALIZED_AUTOS = YES_AGGRESSIVE;
				GCC_WARN_UNUSED_FUNCTION = YES;
				GCC_WARN_UNUSED_VARIABLE = YES;
				IPHONEOS_DEPLOYMENT_TARGET = 10.3;
				MTL_ENABLE_DEBUG_INFO = YES;
				ONLY_ACTIVE_ARCH = YES;
				SDKROOT = iphoneos;
			};
			name = Debug;
		};
		5A2666371EBA045B0045790E /* Release */ = {
			isa = XCBuildConfiguration;
			buildSettings = {
				ALWAYS_SEARCH_USER_PATHS = NO;
				CLANG_ANALYZER_NONNULL = YES;
				CLANG_ANALYZER_NUMBER_OBJECT_CONVERSION = YES_AGGRESSIVE;
				CLANG_CXX_LANGUAGE_STANDARD = "gnu++0x";
				CLANG_CXX_LIBRARY = "libc++";
				CLANG_ENABLE_MODULES = YES;
				CLANG_ENABLE_OBJC_ARC = YES;
				CLANG_WARN_BOOL_CONVERSION = YES;
				CLANG_WARN_CONSTANT_CONVERSION = YES;
				CLANG_WARN_DIRECT_OBJC_ISA_USAGE = YES_ERROR;
				CLANG_WARN_DOCUMENTATION_COMMENTS = YES;
				CLANG_WARN_EMPTY_BODY = YES;
				CLANG_WARN_ENUM_CONVERSION = YES;
				CLANG_WARN_INFINITE_RECURSION = YES;
				CLANG_WARN_INT_CONVERSION = YES;
				CLANG_WARN_OBJC_ROOT_CLASS = YES_ERROR;
				CLANG_WARN_SUSPICIOUS_MOVE = YES;
				CLANG_WARN_UNREACHABLE_CODE = YES;
				CLANG_WARN__DUPLICATE_METHOD_MATCH = YES;
				"CODE_SIGN_IDENTITY[sdk=iphoneos*]" = "iPhone Developer";
				COPY_PHASE_STRIP = NO;
				DEBUG_INFORMATION_FORMAT = "dwarf-with-dsym";
				ENABLE_NS_ASSERTIONS = NO;
				ENABLE_STRICT_OBJC_MSGSEND = YES;
				GCC_C_LANGUAGE_STANDARD = gnu99;
				GCC_NO_COMMON_BLOCKS = YES;
				GCC_WARN_64_TO_32_BIT_CONVERSION = YES;
				GCC_WARN_ABOUT_RETURN_TYPE = YES_ERROR;
				GCC_WARN_UNDECLARED_SELECTOR = YES;
				GCC_WARN_UNINITIALIZED_AUTOS = YES_AGGRESSIVE;
				GCC_WARN_UNUSED_FUNCTION = YES;
				GCC_WARN_UNUSED_VARIABLE = YES;
				IPHONEOS_DEPLOYMENT_TARGET = 10.3;
				MTL_ENABLE_DEBUG_INFO = NO;
				SDKROOT = iphoneos;
				VALIDATE_PRODUCT = YES;
			};
			name = Release;
		};
		5A2666391EBA045B0045790E /* Debug */ = {
			isa = XCBuildConfiguration;
			buildSettings = {
				ASSETCATALOG_COMPILER_APPICON_NAME = AppIcon;
				DEVELOPMENT_TEAM = 89GGHNDH6Y;
				INFOPLIST_FILE = LSSlidePageScrollViewDemo/Info.plist;
				IPHONEOS_DEPLOYMENT_TARGET = 8.0;
				LD_RUNPATH_SEARCH_PATHS = "$(inherited) @executable_path/Frameworks";
				PRODUCT_BUNDLE_IDENTIFIER = com.qyonline.LSSlidePageScrollViewDemo;
				PRODUCT_NAME = "$(TARGET_NAME)";
			};
			name = Debug;
		};
		5A26663A1EBA045B0045790E /* Release */ = {
			isa = XCBuildConfiguration;
			buildSettings = {
				ASSETCATALOG_COMPILER_APPICON_NAME = AppIcon;
				DEVELOPMENT_TEAM = 89GGHNDH6Y;
				INFOPLIST_FILE = LSSlidePageScrollViewDemo/Info.plist;
				IPHONEOS_DEPLOYMENT_TARGET = 8.0;
				LD_RUNPATH_SEARCH_PATHS = "$(inherited) @executable_path/Frameworks";
				PRODUCT_BUNDLE_IDENTIFIER = com.qyonline.LSSlidePageScrollViewDemo;
				PRODUCT_NAME = "$(TARGET_NAME)";
			};
			name = Release;
		};
		5A26663C1EBA045B0045790E /* Debug */ = {
			isa = XCBuildConfiguration;
			buildSettings = {
				BUNDLE_LOADER = "$(TEST_HOST)";
				DEVELOPMENT_TEAM = 8G7P69VBHN;
				INFOPLIST_FILE = LSSlidePageScrollViewDemoTests/Info.plist;
				LD_RUNPATH_SEARCH_PATHS = "$(inherited) @executable_path/Frameworks @loader_path/Frameworks";
				PRODUCT_BUNDLE_IDENTIFIER = com.qyonline.LSSlidePageScrollViewDemoTests;
				PRODUCT_NAME = "$(TARGET_NAME)";
				TEST_HOST = "$(BUILT_PRODUCTS_DIR)/LSSlidePageScrollViewDemo.app/LSSlidePageScrollViewDemo";
			};
			name = Debug;
		};
		5A26663D1EBA045B0045790E /* Release */ = {
			isa = XCBuildConfiguration;
			buildSettings = {
				BUNDLE_LOADER = "$(TEST_HOST)";
				DEVELOPMENT_TEAM = 8G7P69VBHN;
				INFOPLIST_FILE = LSSlidePageScrollViewDemoTests/Info.plist;
				LD_RUNPATH_SEARCH_PATHS = "$(inherited) @executable_path/Frameworks @loader_path/Frameworks";
				PRODUCT_BUNDLE_IDENTIFIER = com.qyonline.LSSlidePageScrollViewDemoTests;
				PRODUCT_NAME = "$(TARGET_NAME)";
				TEST_HOST = "$(BUILT_PRODUCTS_DIR)/LSSlidePageScrollViewDemo.app/LSSlidePageScrollViewDemo";
			};
			name = Release;
		};
		5A26663F1EBA045B0045790E /* Debug */ = {
			isa = XCBuildConfiguration;
			buildSettings = {
				DEVELOPMENT_TEAM = 8G7P69VBHN;
				INFOPLIST_FILE = LSSlidePageScrollViewDemoUITests/Info.plist;
				LD_RUNPATH_SEARCH_PATHS = "$(inherited) @executable_path/Frameworks @loader_path/Frameworks";
				PRODUCT_BUNDLE_IDENTIFIER = com.qyonline.LSSlidePageScrollViewDemoUITests;
				PRODUCT_NAME = "$(TARGET_NAME)";
				TEST_TARGET_NAME = LSSlidePageScrollViewDemo;
			};
			name = Debug;
		};
		5A2666401EBA045B0045790E /* Release */ = {
			isa = XCBuildConfiguration;
			buildSettings = {
				DEVELOPMENT_TEAM = 8G7P69VBHN;
				INFOPLIST_FILE = LSSlidePageScrollViewDemoUITests/Info.plist;
				LD_RUNPATH_SEARCH_PATHS = "$(inherited) @executable_path/Frameworks @loader_path/Frameworks";
				PRODUCT_BUNDLE_IDENTIFIER = com.qyonline.LSSlidePageScrollViewDemoUITests;
				PRODUCT_NAME = "$(TARGET_NAME)";
				TEST_TARGET_NAME = LSSlidePageScrollViewDemo;
			};
			name = Release;
		};
/* End XCBuildConfiguration section */

/* Begin XCConfigurationList section */
		5A2666031EBA045B0045790E /* Build configuration list for PBXProject "LSSlidePageScrollViewDemo" */ = {
			isa = XCConfigurationList;
			buildConfigurations = (
				5A2666361EBA045B0045790E /* Debug */,
				5A2666371EBA045B0045790E /* Release */,
			);
			defaultConfigurationIsVisible = 0;
			defaultConfigurationName = Release;
		};
		5A2666381EBA045B0045790E /* Build configuration list for PBXNativeTarget "LSSlidePageScrollViewDemo" */ = {
			isa = XCConfigurationList;
			buildConfigurations = (
				5A2666391EBA045B0045790E /* Debug */,
				5A26663A1EBA045B0045790E /* Release */,
			);
			defaultConfigurationIsVisible = 0;
			defaultConfigurationName = Release;
		};
		5A26663B1EBA045B0045790E /* Build configuration list for PBXNativeTarget "LSSlidePageScrollViewDemoTests" */ = {
			isa = XCConfigurationList;
			buildConfigurations = (
				5A26663C1EBA045B0045790E /* Debug */,
				5A26663D1EBA045B0045790E /* Release */,
			);
			defaultConfigurationIsVisible = 0;
			defaultConfigurationName = Release;
		};
		5A26663E1EBA045B0045790E /* Build configuration list for PBXNativeTarget "LSSlidePageScrollViewDemoUITests" */ = {
			isa = XCConfigurationList;
			buildConfigurations = (
				5A26663F1EBA045B0045790E /* Debug */,
				5A2666401EBA045B0045790E /* Release */,
			);
			defaultConfigurationIsVisible = 0;
			defaultConfigurationName = Release;
		};
/* End XCConfigurationList section */

/* Begin XCVersionGroup section */
		5A2666171EBA045B0045790E /* LSSlidePageScrollViewDemo.xcdatamodeld */ = {
			isa = XCVersionGroup;
			children = (
				5A2666181EBA045B0045790E /* LSSlidePageScrollViewDemo.xcdatamodel */,
			);
			currentVersion = 5A2666181EBA045B0045790E /* LSSlidePageScrollViewDemo.xcdatamodel */;
			path = LSSlidePageScrollViewDemo.xcdatamodeld;
			sourceTree = "<group>";
			versionGroupType = wrapper.xcdatamodel;
		};
/* End XCVersionGroup section */
	};
	rootObject = 5A2666001EBA045B0045790E /* Project object */;
}
